
Microsoft Visual Studio Solution File, Format Version 12.00
# Visual Studio Version 17
VisualStudioVersion = 17.9.34902.65
MinimumVisualStudioVersion = 10.0.40219.1
Project("{FAE04EC0-301F-11D3-BF4B-00C04F79EFBC}") = "Day_13_classwork", "Day_13_classwork\Day_13_classwork.csproj", "{EA60F6B4-8049-4163-B4CD-F2956B20DB69}"
EndProject
Global
	GlobalSection(SolutionConfigurationPlatforms) = preSolution
		Debug|Any CPU = Debug|Any CPU
		Release|Any CPU = Release|Any CPU
	EndGlobalSection
	GlobalSection(ProjectConfigurationPlatforms) = postSolution
		{EA60F6B4-8049-4163-B4CD-F2956B20DB69}.Debug|Any CPU.ActiveCfg = Debug|Any CPU
		{EA60F6B4-8049-4163-B4CD-F2956B20DB69}.Debug|Any CPU.Build.0 = Debug|Any CPU
		{EA60F6B4-8049-4163-B4CD-F2956B20DB69}.Release|Any CPU.ActiveCfg = Release|Any CPU
		{EA60F6B4-8049-4163-B4CD-F2956B20DB69}.Release|Any CPU.Build.0 = Release|Any CPU
	EndGlobalSection
	GlobalSection(SolutionProperties) = preSolution
		HideSolutionNode = FALSE
	EndGlobalSection
	GlobalSection(ExtensibilityGlobals) = postSolution
		SolutionGuid = {B93DFFB7-A962-46B9-8CF2-1D038A241FCC}
	EndGlobalSection
EndGlobal
